
Microsoft Visual Studio Solution File, Format Version 12.00
# Visual Studio Version 16
VisualStudioVersion = 16.0.31702.278
MinimumVisualStudioVersion = 10.0.40219.1
Project("{FAE04EC0-301F-11D3-BF4B-00C04F79EFBC}") = "HW_8.1", "HW_8.1\HW_8.1.csproj", "{8C336A90-EEF4-43C7-BCE3-A138994BC695}"
EndProject
Global
	GlobalSection(SolutionConfigurationPlatforms) = preSolution
		Debug|Any CPU = Debug|Any CPU
		Release|Any CPU = Release|Any CPU
	EndGlobalSection
	GlobalSection(ProjectConfigurationPlatforms) = postSolution
		{8C336A90-EEF4-43C7-BCE3-A138994BC695}.Debug|Any CPU.ActiveCfg = Debug|Any CPU
		{8C336A90-EEF4-43C7-BCE3-A138994BC695}.Debug|Any CPU.Build.0 = Debug|Any CPU
		{8C336A90-EEF4-43C7-BCE3-A138994BC695}.Release|Any CPU.ActiveCfg = Release|Any CPU
		{8C336A90-EEF4-43C7-BCE3-A138994BC695}.Release|Any CPU.Build.0 = Release|Any CPU
	EndGlobalSection
	GlobalSection(SolutionProperties) = preSolution
		HideSolutionNode = FALSE
	EndGlobalSection
	GlobalSection(ExtensibilityGlobals) = postSolution
		SolutionGuid = {D9EEE6DA-0632-4EE7-8F6B-03A61C7268F4}
	EndGlobalSection
EndGlobal
